// !$*UTF8*$!
{
	archiveVersion = 1;
	classes = {
	};
	objectVersion = 50;
	objects = {

/* Begin PBXBuildFile section */
		3A306CC32203D0F000126DFD /* AppDelegate.swift in Sources */ = {isa = PBXBuildFile; fileRef = 3A306CC22203D0F000126DFD /* AppDelegate.swift */; };
		3A306CC52203D0F000126DFD /* ViewController.swift in Sources */ = {isa = PBXBuildFile; fileRef = 3A306CC42203D0F000126DFD /* ViewController.swift */; };
		3A306CC82203D0F000126DFD /* Main.storyboard in Resources */ = {isa = PBXBuildFile; fileRef = 3A306CC62203D0F000126DFD /* Main.storyboard */; };
		3A306CCD2203D0F200126DFD /* LaunchScreen.storyboard in Resources */ = {isa = PBXBuildFile; fileRef = 3A306CCB2203D0F200126DFD /* LaunchScreen.storyboard */; };
		3A3271862256D5F300792E6A /* HomeFeedCollectionViewController.swift in Sources */ = {isa = PBXBuildFile; fileRef = 3A3271852256D5F300792E6A /* HomeFeedCollectionViewController.swift */; };
		3A62671F2231F1AF001AC132 /* EmailViewController.swift in Sources */ = {isa = PBXBuildFile; fileRef = 3A62671E2231F1AF001AC132 /* EmailViewController.swift */; };
		3A91F8B22228BF9A003E8EC2 /* LoginViewController.swift in Sources */ = {isa = PBXBuildFile; fileRef = 3A91F8B12228BF9A003E8EC2 /* LoginViewController.swift */; };
		3AC2166422290E8000ECCB05 /* Assets.xcassets in Resources */ = {isa = PBXBuildFile; fileRef = 3AC2166322290E8000ECCB05 /* Assets.xcassets */; };
		3AC2166622291E1F00ECCB05 /* LogoAnimationView.swift in Sources */ = {isa = PBXBuildFile; fileRef = 3AC2166522291E1F00ECCB05 /* LogoAnimationView.swift */; };
		3AC216682229327500ECCB05 /* SplashScreen.swift in Sources */ = {isa = PBXBuildFile; fileRef = 3AC216672229327500ECCB05 /* SplashScreen.swift */; };
		3AC2166A222933F000ECCB05 /* UIView+Constraints.swift in Sources */ = {isa = PBXBuildFile; fileRef = 3AC21669222933F000ECCB05 /* UIView+Constraints.swift */; };
		3AC2166C2229372800ECCB05 /* pin.gif in Resources */ = {isa = PBXBuildFile; fileRef = 3AC2166B2229372800ECCB05 /* pin.gif */; };
		3AD1853322839A89005BC70B /* PinDetailsController.swift in Sources */ = {isa = PBXBuildFile; fileRef = 3AD1853222839A89005BC70B /* PinDetailsController.swift */; };
		3ADCB43F2256E0F900D4CAF2 /* CeldaPin.swift in Sources */ = {isa = PBXBuildFile; fileRef = 3ADCB43E2256E0F900D4CAF2 /* CeldaPin.swift */; };
		3AF0CB9E22601A3000534593 /* PinterestLayout.swift in Sources */ = {isa = PBXBuildFile; fileRef = 3AF0CB9D22601A3000534593 /* PinterestLayout.swift */; };
		3AFAF38E220D110C009F34DA /* GoogleService-Info.plist in Resources */ = {isa = PBXBuildFile; fileRef = 3AFAF38D220D110C009F34DA /* GoogleService-Info.plist */; };
		3AFC9BCF223B361700D22CAD /* User.swift in Sources */ = {isa = PBXBuildFile; fileRef = 3AFC9BCE223B361700D22CAD /* User.swift */; };
		EA50890B83C234247AD4CBF6 /* Pods_Pinterest.framework in Frameworks */ = {isa = PBXBuildFile; fileRef = 0AE7FD34FA38FD4D89D5A75D /* Pods_Pinterest.framework */; };
/* End PBXBuildFile section */

/* Begin PBXFileReference section */
		0AE7FD34FA38FD4D89D5A75D /* Pods_Pinterest.framework */ = {isa = PBXFileReference; explicitFileType = wrapper.framework; includeInIndex = 0; path = Pods_Pinterest.framework; sourceTree = BUILT_PRODUCTS_DIR; };
		3A306CBF2203D0F000126DFD /* Pinterest.app */ = {isa = PBXFileReference; explicitFileType = wrapper.application; includeInIndex = 0; path = Pinterest.app; sourceTree = BUILT_PRODUCTS_DIR; };
		3A306CC22203D0F000126DFD /* AppDelegate.swift */ = {isa = PBXFileReference; lastKnownFileType = sourcecode.swift; path = AppDelegate.swift; sourceTree = "<group>"; };
		3A306CC42203D0F000126DFD /* ViewController.swift */ = {isa = PBXFileReference; lastKnownFileType = sourcecode.swift; path = ViewController.swift; sourceTree = "<group>"; };
		3A306CC72203D0F000126DFD /* Base */ = {isa = PBXFileReference; lastKnownFileType = file.storyboard; name = Base; path = Base.lproj/Main.storyboard; sourceTree = "<group>"; };
		3A306CCC2203D0F200126DFD /* Base */ = {isa = PBXFileReference; lastKnownFileType = file.storyboard; name = Base; path = Base.lproj/LaunchScreen.storyboard; sourceTree = "<group>"; };
		3A306CCE2203D0F200126DFD /* Info.plist */ = {isa = PBXFileReference; lastKnownFileType = text.plist.xml; path = Info.plist; sourceTree = "<group>"; };
		3A3271852256D5F300792E6A /* HomeFeedCollectionViewController.swift */ = {isa = PBXFileReference; lastKnownFileType = sourcecode.swift; path = HomeFeedCollectionViewController.swift; sourceTree = "<group>"; };
		3A62671E2231F1AF001AC132 /* EmailViewController.swift */ = {isa = PBXFileReference; lastKnownFileType = sourcecode.swift; path = EmailViewController.swift; sourceTree = "<group>"; };
		3A91F8B12228BF9A003E8EC2 /* LoginViewController.swift */ = {isa = PBXFileReference; lastKnownFileType = sourcecode.swift; path = LoginViewController.swift; sourceTree = "<group>"; };
		3AC2166322290E8000ECCB05 /* Assets.xcassets */ = {isa = PBXFileReference; lastKnownFileType = folder.assetcatalog; path = Assets.xcassets; sourceTree = "<group>"; };
		3AC2166522291E1F00ECCB05 /* LogoAnimationView.swift */ = {isa = PBXFileReference; lastKnownFileType = sourcecode.swift; path = LogoAnimationView.swift; sourceTree = "<group>"; };
		3AC216672229327500ECCB05 /* SplashScreen.swift */ = {isa = PBXFileReference; lastKnownFileType = sourcecode.swift; path = SplashScreen.swift; sourceTree = "<group>"; };
		3AC21669222933F000ECCB05 /* UIView+Constraints.swift */ = {isa = PBXFileReference; lastKnownFileType = sourcecode.swift; path = "UIView+Constraints.swift"; sourceTree = "<group>"; };
		3AC2166B2229372800ECCB05 /* pin.gif */ = {isa = PBXFileReference; lastKnownFileType = image.gif; path = pin.gif; sourceTree = "<group>"; };
		3AD1853222839A89005BC70B /* PinDetailsController.swift */ = {isa = PBXFileReference; lastKnownFileType = sourcecode.swift; path = PinDetailsController.swift; sourceTree = "<group>"; };
		3ADCB43E2256E0F900D4CAF2 /* CeldaPin.swift */ = {isa = PBXFileReference; lastKnownFileType = sourcecode.swift; path = CeldaPin.swift; sourceTree = "<group>"; };
		3AF0CB9D22601A3000534593 /* PinterestLayout.swift */ = {isa = PBXFileReference; lastKnownFileType = sourcecode.swift; path = PinterestLayout.swift; sourceTree = "<group>"; };
		3AFAF38D220D110C009F34DA /* GoogleService-Info.plist */ = {isa = PBXFileReference; fileEncoding = 4; lastKnownFileType = text.plist.xml; name = "GoogleService-Info.plist"; path = "../../../../Downloads/GoogleService-Info.plist"; sourceTree = "<group>"; };
		3AFC9BCE223B361700D22CAD /* User.swift */ = {isa = PBXFileReference; lastKnownFileType = sourcecode.swift; path = User.swift; sourceTree = "<group>"; };
		9743CC4B14F706193116F64C /* Pods-Pinterest.release.xcconfig */ = {isa = PBXFileReference; includeInIndex = 1; lastKnownFileType = text.xcconfig; name = "Pods-Pinterest.release.xcconfig"; path = "Target Support Files/Pods-Pinterest/Pods-Pinterest.release.xcconfig"; sourceTree = "<group>"; };
		D105ABD5EBACFD5D053F1005 /* Pods-Pinterest.debug.xcconfig */ = {isa = PBXFileReference; includeInIndex = 1; lastKnownFileType = text.xcconfig; name = "Pods-Pinterest.debug.xcconfig"; path = "Target Support Files/Pods-Pinterest/Pods-Pinterest.debug.xcconfig"; sourceTree = "<group>"; };
/* End PBXFileReference section */

/* Begin PBXFrameworksBuildPhase section */
		3A306CBC2203D0F000126DFD /* Frameworks */ = {
			isa = PBXFrameworksBuildPhase;
			buildActionMask = 2147483647;
			files = (
				EA50890B83C234247AD4CBF6 /* Pods_Pinterest.framework in Frameworks */,
			);
			runOnlyForDeploymentPostprocessing = 0;
		};
/* End PBXFrameworksBuildPhase section */

/* Begin PBXGroup section */
		3A306CB62203D0F000126DFD = {
			isa = PBXGroup;
			children = (
				3A306CC12203D0F000126DFD /* Pinterest */,
				3A306CC02203D0F000126DFD /* Products */,
				A5C0AF7FF0834E218AF3B654 /* Pods */,
				B3EC89228ABB233A93D950D3 /* Frameworks */,
			);
			sourceTree = "<group>";
		};
		3A306CC02203D0F000126DFD /* Products */ = {
			isa = PBXGroup;
			children = (
				3A306CBF2203D0F000126DFD /* Pinterest.app */,
			);
			name = Products;
			sourceTree = "<group>";
		};
		3A306CC12203D0F000126DFD /* Pinterest */ = {
			isa = PBXGroup;
			children = (
				3AC2166B2229372800ECCB05 /* pin.gif */,
				3AC2166322290E8000ECCB05 /* Assets.xcassets */,
				3A306CC22203D0F000126DFD /* AppDelegate.swift */,
				3A306CC42203D0F000126DFD /* ViewController.swift */,
				3A306CC62203D0F000126DFD /* Main.storyboard */,
				3A306CCB2203D0F200126DFD /* LaunchScreen.storyboard */,
				3A306CCE2203D0F200126DFD /* Info.plist */,
				3AFAF38D220D110C009F34DA /* GoogleService-Info.plist */,
				3A91F8B12228BF9A003E8EC2 /* LoginViewController.swift */,
				3AC2166522291E1F00ECCB05 /* LogoAnimationView.swift */,
				3AC216672229327500ECCB05 /* SplashScreen.swift */,
				3AC21669222933F000ECCB05 /* UIView+Constraints.swift */,
				3A62671E2231F1AF001AC132 /* EmailViewController.swift */,
				3AFC9BCE223B361700D22CAD /* User.swift */,
				3A3271852256D5F300792E6A /* HomeFeedCollectionViewController.swift */,
				3ADCB43E2256E0F900D4CAF2 /* CeldaPin.swift */,
				3AF0CB9D22601A3000534593 /* PinterestLayout.swift */,
				3AD1853222839A89005BC70B /* PinDetailsController.swift */,
			);
			path = Pinterest;
			sourceTree = "<group>";
		};
		A5C0AF7FF0834E218AF3B654 /* Pods */ = {
			isa = PBXGroup;
			children = (
				D105ABD5EBACFD5D053F1005 /* Pods-Pinterest.debug.xcconfig */,
				9743CC4B14F706193116F64C /* Pods-Pinterest.release.xcconfig */,
			);
			path = Pods;
			sourceTree = "<group>";
		};
		B3EC89228ABB233A93D950D3 /* Frameworks */ = {
			isa = PBXGroup;
			children = (
				0AE7FD34FA38FD4D89D5A75D /* Pods_Pinterest.framework */,
			);
			name = Frameworks;
			sourceTree = "<group>";
		};
/* End PBXGroup section */

/* Begin PBXNativeTarget section */
		3A306CBE2203D0F000126DFD /* Pinterest */ = {
			isa = PBXNativeTarget;
			buildConfigurationList = 3A306CD12203D0F200126DFD /* Build configuration list for PBXNativeTarget "Pinterest" */;
			buildPhases = (
				FD9E57154A9B73AA4CBF3CFA /* [CP] Check Pods Manifest.lock */,
				3A306CBB2203D0F000126DFD /* Sources */,
				3A306CBC2203D0F000126DFD /* Frameworks */,
				3A306CBD2203D0F000126DFD /* Resources */,
				CCFB8C5ABBA9962DC099075D /* [CP] Embed Pods Frameworks */,
			);
			buildRules = (
			);
			dependencies = (
			);
			name = Pinterest;
			productName = Pinterest;
			productReference = 3A306CBF2203D0F000126DFD /* Pinterest.app */;
			productType = "com.apple.product-type.application";
		};
/* End PBXNativeTarget section */

/* Begin PBXProject section */
		3A306CB72203D0F000126DFD /* Project object */ = {
			isa = PBXProject;
			attributes = {
				LastSwiftUpdateCheck = 1010;
				LastUpgradeCheck = 1010;
				ORGANIZATIONNAME = "Adrian Alejandro Sandoval Perez";
				TargetAttributes = {
					3A306CBE2203D0F000126DFD = {
						CreatedOnToolsVersion = 10.1;
					};
				};
			};
			buildConfigurationList = 3A306CBA2203D0F000126DFD /* Build configuration list for PBXProject "Pinterest" */;
			compatibilityVersion = "Xcode 9.3";
			developmentRegion = en;
			hasScannedForEncodings = 0;
			knownRegions = (
				en,
				Base,
			);
			mainGroup = 3A306CB62203D0F000126DFD;
			productRefGroup = 3A306CC02203D0F000126DFD /* Products */;
			projectDirPath = "";
			projectRoot = "";
			targets = (
				3A306CBE2203D0F000126DFD /* Pinterest */,
			);
		};
/* End PBXProject section */

/* Begin PBXResourcesBuildPhase section */
		3A306CBD2203D0F000126DFD /* Resources */ = {
			isa = PBXResourcesBuildPhase;
			buildActionMask = 2147483647;
			files = (
				3AC2166C2229372800ECCB05 /* pin.gif in Resources */,
				3A306CCD2203D0F200126DFD /* LaunchScreen.storyboard in Resources */,
				3AFAF38E220D110C009F34DA /* GoogleService-Info.plist in Resources */,
				3AC2166422290E8000ECCB05 /* Assets.xcassets in Resources */,
				3A306CC82203D0F000126DFD /* Main.storyboard in Resources */,
			);
			runOnlyForDeploymentPostprocessing = 0;
		};
/* End PBXResourcesBuildPhase section */

/* Begin PBXShellScriptBuildPhase section */
		CCFB8C5ABBA9962DC099075D /* [CP] Embed Pods Frameworks */ = {
			isa = PBXShellScriptBuildPhase;
			buildActionMask = 2147483647;
			files = (
			);
			inputFileListPaths = (
			);
			inputPaths = (
				"${PODS_ROOT}/Target Support Files/Pods-Pinterest/Pods-Pinterest-frameworks.sh",
				"${BUILT_PRODUCTS_DIR}/GTMSessionFetcher/GTMSessionFetcher.framework",
				"${BUILT_PRODUCTS_DIR}/GoogleUtilities/GoogleUtilities.framework",
				"${BUILT_PRODUCTS_DIR}/SwiftyGif/SwiftyGif.framework",
				"${BUILT_PRODUCTS_DIR}/leveldb-library/leveldb.framework",
			);
			name = "[CP] Embed Pods Frameworks";
			outputFileListPaths = (
			);
			outputPaths = (
				"${TARGET_BUILD_DIR}/${FRAMEWORKS_FOLDER_PATH}/GTMSessionFetcher.framework",
				"${TARGET_BUILD_DIR}/${FRAMEWORKS_FOLDER_PATH}/GoogleUtilities.framework",
				"${TARGET_BUILD_DIR}/${FRAMEWORKS_FOLDER_PATH}/SwiftyGif.framework",
				"${TARGET_BUILD_DIR}/${FRAMEWORKS_FOLDER_PATH}/leveldb.framework",
			);
			runOnlyForDeploymentPostprocessing = 0;
			shellPath = /bin/sh;
			shellScript = "\"${PODS_ROOT}/Target Support Files/Pods-Pinterest/Pods-Pinterest-frameworks.sh\"\n";
			showEnvVarsInLog = 0;
		};
		FD9E57154A9B73AA4CBF3CFA /* [CP] Check Pods Manifest.lock */ = {
			isa = PBXShellScriptBuildPhase;
			buildActionMask = 2147483647;
			files = (
			);
			inputFileListPaths = (
			);
			inputPaths = (
				"${PODS_PODFILE_DIR_PATH}/Podfile.lock",
				"${PODS_ROOT}/Manifest.lock",
			);
			name = "[CP] Check Pods Manifest.lock";
			outputFileListPaths = (
			);
			outputPaths = (
				"$(DERIVED_FILE_DIR)/Pods-Pinterest-checkManifestLockResult.txt",
			);
			runOnlyForDeploymentPostprocessing = 0;
			shellPath = /bin/sh;
			shellScript = "diff \"${PODS_PODFILE_DIR_PATH}/Podfile.lock\" \"${PODS_ROOT}/Manifest.lock\" > /dev/null\nif [ $? != 0 ] ; then\n    # print error to STDERR\n    echo \"error: The sandbox is not in sync with the Podfile.lock. Run 'pod install' or update your CocoaPods installation.\" >&2\n    exit 1\nfi\n# This output is used by Xcode 'outputs' to avoid re-running this script phase.\necho \"SUCCESS\" > \"${SCRIPT_OUTPUT_FILE_0}\"\n";
			showEnvVarsInLog = 0;
		};
/* End PBXShellScriptBuildPhase section */

/* Begin PBXSourcesBuildPhase section */
		3A306CBB2203D0F000126DFD /* Sources */ = {
			isa = PBXSourcesBuildPhase;
			buildActionMask = 2147483647;
			files = (
				3A3271862256D5F300792E6A /* HomeFeedCollectionViewController.swift in Sources */,
				3ADCB43F2256E0F900D4CAF2 /* CeldaPin.swift in Sources */,
				3AC216682229327500ECCB05 /* SplashScreen.swift in Sources */,
				3A91F8B22228BF9A003E8EC2 /* LoginViewController.swift in Sources */,
				3A306CC52203D0F000126DFD /* ViewController.swift in Sources */,
				3AC2166A222933F000ECCB05 /* UIView+Constraints.swift in Sources */,
				3AFC9BCF223B361700D22CAD /* User.swift in Sources */,
				3AF0CB9E22601A3000534593 /* PinterestLayout.swift in Sources */,
				3AC2166622291E1F00ECCB05 /* LogoAnimationView.swift in Sources */,
				3A62671F2231F1AF001AC132 /* EmailViewController.swift in Sources */,
				3AD1853322839A89005BC70B /* PinDetailsController.swift in Sources */,
				3A306CC32203D0F000126DFD /* AppDelegate.swift in Sources */,
			);
			runOnlyForDeploymentPostprocessing = 0;
		};
/* End PBXSourcesBuildPhase section */

/* Begin PBXVariantGroup section */
		3A306CC62203D0F000126DFD /* Main.storyboard */ = {
			isa = PBXVariantGroup;
			children = (
				3A306CC72203D0F000126DFD /* Base */,
			);
			name = Main.storyboard;
			sourceTree = "<group>";
		};
		3A306CCB2203D0F200126DFD /* LaunchScreen.storyboard */ = {
			isa = PBXVariantGroup;
			children = (
				3A306CCC2203D0F200126DFD /* Base */,
			);
			name = LaunchScreen.storyboard;
			sourceTree = "<group>";
		};
/* End PBXVariantGroup section */

/* Begin XCBuildConfiguration section */
		3A306CCF2203D0F200126DFD /* Debug */ = {
			isa = XCBuildConfiguration;
			buildSettings = {
				ALWAYS_SEARCH_USER_PATHS = NO;
				CLANG_ANALYZER_NONNULL = YES;
				CLANG_ANALYZER_NUMBER_OBJECT_CONVERSION = YES_AGGRESSIVE;
				CLANG_CXX_LANGUAGE_STANDARD = "gnu++14";
				CLANG_CXX_LIBRARY = "libc++";
				CLANG_ENABLE_MODULES = YES;
				CLANG_ENABLE_OBJC_ARC = YES;
				CLANG_ENABLE_OBJC_WEAK = YES;
				CLANG_WARN_BLOCK_CAPTURE_AUTORELEASING = YES;
				CLANG_WARN_BOOL_CONVERSION = YES;
				CLANG_WARN_COMMA = YES;
				CLANG_WARN_CONSTANT_CONVERSION = YES;
				CLANG_WARN_DEPRECATED_OBJC_IMPLEMENTATIONS = YES;
				CLANG_WARN_DIRECT_OBJC_ISA_USAGE = YES_ERROR;
				CLANG_WARN_DOCUMENTATION_COMMENTS = YES;
				CLANG_WARN_EMPTY_BODY = YES;
				CLANG_WARN_ENUM_CONVERSION = YES;
				CLANG_WARN_INFINITE_RECURSION = YES;
				CLANG_WARN_INT_CONVERSION = YES;
				CLANG_WARN_NON_LITERAL_NULL_CONVERSION = YES;
				CLANG_WARN_OBJC_IMPLICIT_RETAIN_SELF = YES;
				CLANG_WARN_OBJC_LITERAL_CONVERSION = YES;
				CLANG_WARN_OBJC_ROOT_CLASS = YES_ERROR;
				CLANG_WARN_RANGE_LOOP_ANALYSIS = YES;
				CLANG_WARN_STRICT_PROTOTYPES = YES;
				CLANG_WARN_SUSPICIOUS_MOVE = YES;
				CLANG_WARN_UNGUARDED_AVAILABILITY = YES_AGGRESSIVE;
				CLANG_WARN_UNREACHABLE_CODE = YES;
				CLANG_WARN__DUPLICATE_METHOD_MATCH = YES;
				CODE_SIGN_IDENTITY = "iPhone Developer";
				COPY_PHASE_STRIP = NO;
				DEBUG_INFORMATION_FORMAT = dwarf;
				ENABLE_STRICT_OBJC_MSGSEND = YES;
				ENABLE_TESTABILITY = YES;
				GCC_C_LANGUAGE_STANDARD = gnu11;
				GCC_DYNAMIC_NO_PIC = NO;
				GCC_NO_COMMON_BLOCKS = YES;
				GCC_OPTIMIZATION_LEVEL = 0;
				GCC_PREPROCESSOR_DEFINITIONS = (
					"DEBUG=1",
					"$(inherited)",
				);
				GCC_WARN_64_TO_32_BIT_CONVERSION = YES;
				GCC_WARN_ABOUT_RETURN_TYPE = YES_ERROR;
				GCC_WARN_UNDECLARED_SELECTOR = YES;
				GCC_WARN_UNINITIALIZED_AUTOS = YES_AGGRESSIVE;
				GCC_WARN_UNUSED_FUNCTION = YES;
				GCC_WARN_UNUSED_VARIABLE = YES;
				IPHONEOS_DEPLOYMENT_TARGET = 12.1;
				MTL_ENABLE_DEBUG_INFO = INCLUDE_SOURCE;
				MTL_FAST_MATH = YES;
				ONLY_ACTIVE_ARCH = YES;
				SDKROOT = iphoneos;
				SWIFT_ACTIVE_COMPILATION_CONDITIONS = DEBUG;
				SWIFT_OPTIMIZATION_LEVEL = "-Onone";
			};
			name = Debug;
		};
		3A306CD02203D0F200126DFD /* Release */ = {
			isa = XCBuildConfiguration;
			buildSettings = {
				ALWAYS_SEARCH_USER_PATHS = NO;
				CLANG_ANALYZER_NONNULL = YES;
				CLANG_ANALYZER_NUMBER_OBJECT_CONVERSION = YES_AGGRESSIVE;
				CLANG_CXX_LANGUAGE_STANDARD = "gnu++14";
				CLANG_CXX_LIBRARY = "libc++";
				CLANG_ENABLE_MODULES = YES;
				CLANG_ENABLE_OBJC_ARC = YES;
				CLANG_ENABLE_OBJC_WEAK = YES;
				CLANG_WARN_BLOCK_CAPTURE_AUTORELEASING = YES;
				CLANG_WARN_BOOL_CONVERSION = YES;
				CLANG_WARN_COMMA = YES;
				CLANG_WARN_CONSTANT_CONVERSION = YES;
				CLANG_WARN_DEPRECATED_OBJC_IMPLEMENTATIONS = YES;
				CLANG_WARN_DIRECT_OBJC_ISA_USAGE = YES_ERROR;
				CLANG_WARN_DOCUMENTATION_COMMENTS = YES;
				CLANG_WARN_EMPTY_BODY = YES;
				CLANG_WARN_ENUM_CONVERSION = YES;
				CLANG_WARN_INFINITE_RECURSION = YES;
				CLANG_WARN_INT_CONVERSION = YES;
				CLANG_WARN_NON_LITERAL_NULL_CONVERSION = YES;
				CLANG_WARN_OBJC_IMPLICIT_RETAIN_SELF = YES;
				CLANG_WARN_OBJC_LITERAL_CONVERSION = YES;
				CLANG_WARN_OBJC_ROOT_CLASS = YES_ERROR;
				CLANG_WARN_RANGE_LOOP_ANALYSIS = YES;
				CLANG_WARN_STRICT_PROTOTYPES = YES;
				CLANG_WARN_SUSPICIOUS_MOVE = YES;
				CLANG_WARN_UNGUARDED_AVAILABILITY = YES_AGGRESSIVE;
				CLANG_WARN_UNREACHABLE_CODE = YES;
				CLANG_WARN__DUPLICATE_METHOD_MATCH = YES;
				CODE_SIGN_IDENTITY = "iPhone Developer";
				COPY_PHASE_STRIP = NO;
				DEBUG_INFORMATION_FORMAT = "dwarf-with-dsym";
				ENABLE_NS_ASSERTIONS = NO;
				ENABLE_STRICT_OBJC_MSGSEND = YES;
				GCC_C_LANGUAGE_STANDARD = gnu11;
				GCC_NO_COMMON_BLOCKS = YES;
				GCC_WARN_64_TO_32_BIT_CONVERSION = YES;
				GCC_WARN_ABOUT_RETURN_TYPE = YES_ERROR;
				GCC_WARN_UNDECLARED_SELECTOR = YES;
				GCC_WARN_UNINITIALIZED_AUTOS = YES_AGGRESSIVE;
				GCC_WARN_UNUSED_FUNCTION = YES;
				GCC_WARN_UNUSED_VARIABLE = YES;
				IPHONEOS_DEPLOYMENT_TARGET = 12.1;
				MTL_ENABLE_DEBUG_INFO = NO;
				MTL_FAST_MATH = YES;
				SDKROOT = iphoneos;
				SWIFT_COMPILATION_MODE = wholemodule;
				SWIFT_OPTIMIZATION_LEVEL = "-O";
				VALIDATE_PRODUCT = YES;
			};
			name = Release;
		};
		3A306CD22203D0F200126DFD /* Debug */ = {
			isa = XCBuildConfiguration;
			baseConfigurationReference = D105ABD5EBACFD5D053F1005 /* Pods-Pinterest.debug.xcconfig */;
			buildSettings = {
				ASSETCATALOG_COMPILER_APPICON_NAME = AppIcon;
				CODE_SIGN_STYLE = Automatic;
				INFOPLIST_FILE = Pinterest/Info.plist;
				LD_RUNPATH_SEARCH_PATHS = (
					"$(inherited)",
					"@executable_path/Frameworks",
				);
				PRODUCT_BUNDLE_IDENTIFIER = com.adriansandoval.Pinterest;
				PRODUCT_NAME = "$(TARGET_NAME)";
				SWIFT_VERSION = 4.2;
				TARGETED_DEVICE_FAMILY = "1,2";
			};
			name = Debug;
		};
		3A306CD32203D0F200126DFD /* Release */ = {
			isa = XCBuildConfiguration;
			baseConfigurationReference = 9743CC4B14F706193116F64C /* Pods-Pinterest.release.xcconfig */;
			buildSettings = {
				ASSETCATALOG_COMPILER_APPICON_NAME = AppIcon;
				CODE_SIGN_STYLE = Automatic;
				INFOPLIST_FILE = Pinterest/Info.plist;
				LD_RUNPATH_SEARCH_PATHS = (
					"$(inherited)",
					"@executable_path/Frameworks",
				);
				PRODUCT_BUNDLE_IDENTIFIER = com.adriansandoval.Pinterest;
				PRODUCT_NAME = "$(TARGET_NAME)";
				SWIFT_VERSION = 4.2;
				TARGETED_DEVICE_FAMILY = "1,2";
			};
			name = Release;
		};
/* End XCBuildConfiguration section */

/* Begin XCConfigurationList section */
		3A306CBA2203D0F000126DFD /* Build configuration list for PBXProject "Pinterest" */ = {
			isa = XCConfigurationList;
			buildConfigurations = (
				3A306CCF2203D0F200126DFD /* Debug */,
				3A306CD02203D0F200126DFD /* Release */,
			);
			defaultConfigurationIsVisible = 0;
			defaultConfigurationName = Release;
		};
		3A306CD12203D0F200126DFD /* Build configuration list for PBXNativeTarget "Pinterest" */ = {
			isa = XCConfigurationList;
			buildConfigurations = (
				3A306CD22203D0F200126DFD /* Debug */,
				3A306CD32203D0F200126DFD /* Release */,
			);
			defaultConfigurationIsVisible = 0;
			defaultConfigurationName = Release;
		};
/* End XCConfigurationList section */
	};
	rootObject = 3A306CB72203D0F000126DFD /* Project object */;
}
